// !$*UTF8*$!
{
	archiveVersion = 1;
	classes = {
	};
	objectVersion = 55;
	objects = {

/* Begin PBXBuildFile section */
		B7570215286346860073E49F /* WhipApp.swift in Sources */ = {isa = PBXBuildFile; fileRef = B7570214286346860073E49F /* WhipApp.swift */; };
		B7570217286346860073E49F /* BaseView.swift in Sources */ = {isa = PBXBuildFile; fileRef = B7570216286346860073E49F /* BaseView.swift */; };
		B7570219286346880073E49F /* Assets.xcassets in Resources */ = {isa = PBXBuildFile; fileRef = B7570218286346880073E49F /* Assets.xcassets */; };
		B757021C286346880073E49F /* Preview Assets.xcassets in Resources */ = {isa = PBXBuildFile; fileRef = B757021B286346880073E49F /* Preview Assets.xcassets */; };
		B7570226286362A00073E49F /* MainView.swift in Sources */ = {isa = PBXBuildFile; fileRef = B7570225286362A00073E49F /* MainView.swift */; };
		B7570228286362AB0073E49F /* ScheduleView.swift in Sources */ = {isa = PBXBuildFile; fileRef = B7570227286362AB0073E49F /* ScheduleView.swift */; };
		B757022A286362B70073E49F /* MyProfileView.swift in Sources */ = {isa = PBXBuildFile; fileRef = B7570229286362B70073E49F /* MyProfileView.swift */; };
		B757022F2863653E0073E49F /* BaseViewTabBar.swift in Sources */ = {isa = PBXBuildFile; fileRef = B757022E2863653E0073E49F /* BaseViewTabBar.swift */; };
		F9D85296286367E10091B0EF /* TransactionItem.swift in Sources */ = {isa = PBXBuildFile; fileRef = F9D85295286367E10091B0EF /* TransactionItem.swift */; };
		F9D85298286368D80091B0EF /* ViewExtensions.swift in Sources */ = {isa = PBXBuildFile; fileRef = F9D85297286368D80091B0EF /* ViewExtensions.swift */; };
/* End PBXBuildFile section */

/* Begin PBXFileReference section */
		B7570211286346860073E49F /* Whip.app */ = {isa = PBXFileReference; explicitFileType = wrapper.application; includeInIndex = 0; path = Whip.app; sourceTree = BUILT_PRODUCTS_DIR; };
		B7570214286346860073E49F /* WhipApp.swift */ = {isa = PBXFileReference; lastKnownFileType = sourcecode.swift; path = WhipApp.swift; sourceTree = "<group>"; };
		B7570216286346860073E49F /* BaseView.swift */ = {isa = PBXFileReference; lastKnownFileType = sourcecode.swift; path = BaseView.swift; sourceTree = "<group>"; };
		B7570218286346880073E49F /* Assets.xcassets */ = {isa = PBXFileReference; lastKnownFileType = folder.assetcatalog; path = Assets.xcassets; sourceTree = "<group>"; };
		B757021B286346880073E49F /* Preview Assets.xcassets */ = {isa = PBXFileReference; lastKnownFileType = folder.assetcatalog; path = "Preview Assets.xcassets"; sourceTree = "<group>"; };
		B7570225286362A00073E49F /* MainView.swift */ = {isa = PBXFileReference; lastKnownFileType = sourcecode.swift; path = MainView.swift; sourceTree = "<group>"; };
		B7570227286362AB0073E49F /* ScheduleView.swift */ = {isa = PBXFileReference; lastKnownFileType = sourcecode.swift; path = ScheduleView.swift; sourceTree = "<group>"; };
		B7570229286362B70073E49F /* MyProfileView.swift */ = {isa = PBXFileReference; lastKnownFileType = sourcecode.swift; path = MyProfileView.swift; sourceTree = "<group>"; };
		B757022E2863653E0073E49F /* BaseViewTabBar.swift */ = {isa = PBXFileReference; lastKnownFileType = sourcecode.swift; path = BaseViewTabBar.swift; sourceTree = "<group>"; };
		F9D85295286367E10091B0EF /* TransactionItem.swift */ = {isa = PBXFileReference; lastKnownFileType = sourcecode.swift; path = TransactionItem.swift; sourceTree = "<group>"; };
		F9D85297286368D80091B0EF /* ViewExtensions.swift */ = {isa = PBXFileReference; lastKnownFileType = sourcecode.swift; path = ViewExtensions.swift; sourceTree = "<group>"; };
/* End PBXFileReference section */

/* Begin PBXFrameworksBuildPhase section */
		B757020E286346860073E49F /* Frameworks */ = {
			isa = PBXFrameworksBuildPhase;
			buildActionMask = 2147483647;
			files = (
			);
			runOnlyForDeploymentPostprocessing = 0;
		};
/* End PBXFrameworksBuildPhase section */

/* Begin PBXGroup section */
		B7570208286346860073E49F = {
			isa = PBXGroup;
			children = (
				B7570213286346860073E49F /* Whip */,
				B7570212286346860073E49F /* Products */,
			);
			sourceTree = "<group>";
		};
		B7570212286346860073E49F /* Products */ = {
			isa = PBXGroup;
			children = (
				B7570211286346860073E49F /* Whip.app */,
			);
			name = Products;
			sourceTree = "<group>";
		};
		B7570213286346860073E49F /* Whip */ = {
			isa = PBXGroup;
			children = (
				B757022B286363FC0073E49F /* Views */,
				B7570214286346860073E49F /* WhipApp.swift */,
				B7570218286346880073E49F /* Assets.xcassets */,
				B757021A286346880073E49F /* Preview Content */,
			);
			path = Whip;
			sourceTree = "<group>";
		};
		B757021A286346880073E49F /* Preview Content */ = {
			isa = PBXGroup;
			children = (
				B757021B286346880073E49F /* Preview Assets.xcassets */,
			);
			path = "Preview Content";
			sourceTree = "<group>";
		};
		B7570222286361BC0073E49F /* Main */ = {
			isa = PBXGroup;
			children = (
				B7570225286362A00073E49F /* MainView.swift */,
			);
			path = Main;
			sourceTree = "<group>";
		};
		B7570223286361C30073E49F /* Schedule */ = {
			isa = PBXGroup;
			children = (
				F9D85294286367CF0091B0EF /* Components */,
				B7570227286362AB0073E49F /* ScheduleView.swift */,
			);
			path = Schedule;
			sourceTree = "<group>";
		};
		B7570224286361CE0073E49F /* MyProfile */ = {
			isa = PBXGroup;
			children = (
				B7570229286362B70073E49F /* MyProfileView.swift */,
			);
			path = MyProfile;
			sourceTree = "<group>";
		};
		B757022B286363FC0073E49F /* Views */ = {
			isa = PBXGroup;
			children = (
				B757022C2863651F0073E49F /* Base */,
				B7570222286361BC0073E49F /* Main */,
				B7570223286361C30073E49F /* Schedule */,
				B7570224286361CE0073E49F /* MyProfile */,
				F9D85297286368D80091B0EF /* ViewExtensions.swift */,
			);
			path = Views;
			sourceTree = "<group>";
		};
		B757022C2863651F0073E49F /* Base */ = {
			isa = PBXGroup;
			children = (
				B757022D286365290073E49F /* Components */,
				B7570216286346860073E49F /* BaseView.swift */,
			);
			path = Base;
			sourceTree = "<group>";
		};
		B757022D286365290073E49F /* Components */ = {
			isa = PBXGroup;
			children = (
				B757022E2863653E0073E49F /* BaseViewTabBar.swift */,
			);
			path = Components;
			sourceTree = "<group>";
		};
		F9D85294286367CF0091B0EF /* Components */ = {
			isa = PBXGroup;
			children = (
				F9D85295286367E10091B0EF /* TransactionItem.swift */,
			);
			path = Components;
			sourceTree = "<group>";
		};
/* End PBXGroup section */

/* Begin PBXNativeTarget section */
		B7570210286346860073E49F /* Whip */ = {
			isa = PBXNativeTarget;
			buildConfigurationList = B757021F286346880073E49F /* Build configuration list for PBXNativeTarget "Whip" */;
			buildPhases = (
				B757020D286346860073E49F /* Sources */,
				B757020E286346860073E49F /* Frameworks */,
				B757020F286346860073E49F /* Resources */,
			);
			buildRules = (
			);
			dependencies = (
			);
			name = Whip;
			productName = Whip;
			productReference = B7570211286346860073E49F /* Whip.app */;
			productType = "com.apple.product-type.application";
		};
/* End PBXNativeTarget section */

/* Begin PBXProject section */
		B7570209286346860073E49F /* Project object */ = {
			isa = PBXProject;
			attributes = {
				BuildIndependentTargetsInParallel = 1;
				LastSwiftUpdateCheck = 1340;
				LastUpgradeCheck = 1340;
				TargetAttributes = {
					B7570210286346860073E49F = {
						CreatedOnToolsVersion = 13.4.1;
					};
				};
			};
			buildConfigurationList = B757020C286346860073E49F /* Build configuration list for PBXProject "Whip" */;
			compatibilityVersion = "Xcode 13.0";
			developmentRegion = en;
			hasScannedForEncodings = 0;
			knownRegions = (
				en,
				Base,
			);
			mainGroup = B7570208286346860073E49F;
			productRefGroup = B7570212286346860073E49F /* Products */;
			projectDirPath = "";
			projectRoot = "";
			targets = (
				B7570210286346860073E49F /* Whip */,
			);
		};
/* End PBXProject section */

/* Begin PBXResourcesBuildPhase section */
		B757020F286346860073E49F /* Resources */ = {
			isa = PBXResourcesBuildPhase;
			buildActionMask = 2147483647;
			files = (
				B757021C286346880073E49F /* Preview Assets.xcassets in Resources */,
				B7570219286346880073E49F /* Assets.xcassets in Resources */,
			);
			runOnlyForDeploymentPostprocessing = 0;
		};
/* End PBXResourcesBuildPhase section */

/* Begin PBXSourcesBuildPhase section */
		B757020D286346860073E49F /* Sources */ = {
			isa = PBXSourcesBuildPhase;
			buildActionMask = 2147483647;
			files = (
				B757022A286362B70073E49F /* MyProfileView.swift in Sources */,
				B7570217286346860073E49F /* BaseView.swift in Sources */,
				F9D85298286368D80091B0EF /* ViewExtensions.swift in Sources */,
				B7570228286362AB0073E49F /* ScheduleView.swift in Sources */,
				B7570226286362A00073E49F /* MainView.swift in Sources */,
				B7570215286346860073E49F /* WhipApp.swift in Sources */,
				B757022F2863653E0073E49F /* BaseViewTabBar.swift in Sources */,
				F9D85296286367E10091B0EF /* TransactionItem.swift in Sources */,
			);
			runOnlyForDeploymentPostprocessing = 0;
		};
/* End PBXSourcesBuildPhase section */

/* Begin XCBuildConfiguration section */
		B757021D286346880073E49F /* Debug */ = {
			isa = XCBuildConfiguration;
			buildSettings = {
				ALWAYS_SEARCH_USER_PATHS = NO;
				CLANG_ANALYZER_NONNULL = YES;
				CLANG_ANALYZER_NUMBER_OBJECT_CONVERSION = YES_AGGRESSIVE;
				CLANG_CXX_LANGUAGE_STANDARD = "gnu++17";
				CLANG_ENABLE_MODULES = YES;
				CLANG_ENABLE_OBJC_ARC = YES;
				CLANG_ENABLE_OBJC_WEAK = YES;
				CLANG_WARN_BLOCK_CAPTURE_AUTORELEASING = YES;
				CLANG_WARN_BOOL_CONVERSION = YES;
				CLANG_WARN_COMMA = YES;
				CLANG_WARN_CONSTANT_CONVERSION = YES;
				CLANG_WARN_DEPRECATED_OBJC_IMPLEMENTATIONS = YES;
				CLANG_WARN_DIRECT_OBJC_ISA_USAGE = YES_ERROR;
				CLANG_WARN_DOCUMENTATION_COMMENTS = YES;
				CLANG_WARN_EMPTY_BODY = YES;
				CLANG_WARN_ENUM_CONVERSION = YES;
				CLANG_WARN_INFINITE_RECURSION = YES;
				CLANG_WARN_INT_CONVERSION = YES;
				CLANG_WARN_NON_LITERAL_NULL_CONVERSION = YES;
				CLANG_WARN_OBJC_IMPLICIT_RETAIN_SELF = YES;
				CLANG_WARN_OBJC_LITERAL_CONVERSION = YES;
				CLANG_WARN_OBJC_ROOT_CLASS = YES_ERROR;
				CLANG_WARN_QUOTED_INCLUDE_IN_FRAMEWORK_HEADER = YES;
				CLANG_WARN_RANGE_LOOP_ANALYSIS = YES;
				CLANG_WARN_STRICT_PROTOTYPES = YES;
				CLANG_WARN_SUSPICIOUS_MOVE = YES;
				CLANG_WARN_UNGUARDED_AVAILABILITY = YES_AGGRESSIVE;
				CLANG_WARN_UNREACHABLE_CODE = YES;
				CLANG_WARN__DUPLICATE_METHOD_MATCH = YES;
				COPY_PHASE_STRIP = NO;
				DEBUG_INFORMATION_FORMAT = dwarf;
				ENABLE_STRICT_OBJC_MSGSEND = YES;
				ENABLE_TESTABILITY = YES;
				GCC_C_LANGUAGE_STANDARD = gnu11;
				GCC_DYNAMIC_NO_PIC = NO;
				GCC_NO_COMMON_BLOCKS = YES;
				GCC_OPTIMIZATION_LEVEL = 0;
				GCC_PREPROCESSOR_DEFINITIONS = (
					"DEBUG=1",
					"$(inherited)",
				);
				GCC_WARN_64_TO_32_BIT_CONVERSION = YES;
				GCC_WARN_ABOUT_RETURN_TYPE = YES_ERROR;
				GCC_WARN_UNDECLARED_SELECTOR = YES;
				GCC_WARN_UNINITIALIZED_AUTOS = YES_AGGRESSIVE;
				GCC_WARN_UNUSED_FUNCTION = YES;
				GCC_WARN_UNUSED_VARIABLE = YES;
				IPHONEOS_DEPLOYMENT_TARGET = 15.4;
				MTL_ENABLE_DEBUG_INFO = INCLUDE_SOURCE;
				MTL_FAST_MATH = YES;
				ONLY_ACTIVE_ARCH = YES;
				SDKROOT = iphoneos;
				SWIFT_ACTIVE_COMPILATION_CONDITIONS = DEBUG;
				SWIFT_OPTIMIZATION_LEVEL = "-Onone";
			};
			name = Debug;
		};
		B757021E286346880073E49F /* Release */ = {
			isa = XCBuildConfiguration;
			buildSettings = {
				ALWAYS_SEARCH_USER_PATHS = NO;
				CLANG_ANALYZER_NONNULL = YES;
				CLANG_ANALYZER_NUMBER_OBJECT_CONVERSION = YES_AGGRESSIVE;
				CLANG_CXX_LANGUAGE_STANDARD = "gnu++17";
				CLANG_ENABLE_MODULES = YES;
				CLANG_ENABLE_OBJC_ARC = YES;
				CLANG_ENABLE_OBJC_WEAK = YES;
				CLANG_WARN_BLOCK_CAPTURE_AUTORELEASING = YES;
				CLANG_WARN_BOOL_CONVERSION = YES;
				CLANG_WARN_COMMA = YES;
				CLANG_WARN_CONSTANT_CONVERSION = YES;
				CLANG_WARN_DEPRECATED_OBJC_IMPLEMENTATIONS = YES;
				CLANG_WARN_DIRECT_OBJC_ISA_USAGE = YES_ERROR;
				CLANG_WARN_DOCUMENTATION_COMMENTS = YES;
				CLANG_WARN_EMPTY_BODY = YES;
				CLANG_WARN_ENUM_CONVERSION = YES;
				CLANG_WARN_INFINITE_RECURSION = YES;
				CLANG_WARN_INT_CONVERSION = YES;
				CLANG_WARN_NON_LITERAL_NULL_CONVERSION = YES;
				CLANG_WARN_OBJC_IMPLICIT_RETAIN_SELF = YES;
				CLANG_WARN_OBJC_LITERAL_CONVERSION = YES;
				CLANG_WARN_OBJC_ROOT_CLASS = YES_ERROR;
				CLANG_WARN_QUOTED_INCLUDE_IN_FRAMEWORK_HEADER = YES;
				CLANG_WARN_RANGE_LOOP_ANALYSIS = YES;
				CLANG_WARN_STRICT_PROTOTYPES = YES;
				CLANG_WARN_SUSPICIOUS_MOVE = YES;
				CLANG_WARN_UNGUARDED_AVAILABILITY = YES_AGGRESSIVE;
				CLANG_WARN_UNREACHABLE_CODE = YES;
				CLANG_WARN__DUPLICATE_METHOD_MATCH = YES;
				COPY_PHASE_STRIP = NO;
				DEBUG_INFORMATION_FORMAT = "dwarf-with-dsym";
				ENABLE_NS_ASSERTIONS = NO;
				ENABLE_STRICT_OBJC_MSGSEND = YES;
				GCC_C_LANGUAGE_STANDARD = gnu11;
				GCC_NO_COMMON_BLOCKS = YES;
				GCC_WARN_64_TO_32_BIT_CONVERSION = YES;
				GCC_WARN_ABOUT_RETURN_TYPE = YES_ERROR;
				GCC_WARN_UNDECLARED_SELECTOR = YES;
				GCC_WARN_UNINITIALIZED_AUTOS = YES_AGGRESSIVE;
				GCC_WARN_UNUSED_FUNCTION = YES;
				GCC_WARN_UNUSED_VARIABLE = YES;
				IPHONEOS_DEPLOYMENT_TARGET = 15.4;
				MTL_ENABLE_DEBUG_INFO = NO;
				MTL_FAST_MATH = YES;
				SDKROOT = iphoneos;
				SWIFT_COMPILATION_MODE = wholemodule;
				SWIFT_OPTIMIZATION_LEVEL = "-O";
				VALIDATE_PRODUCT = YES;
			};
			name = Release;
		};
		B7570220286346880073E49F /* Debug */ = {
			isa = XCBuildConfiguration;
			buildSettings = {
				ASSETCATALOG_COMPILER_APPICON_NAME = AppIcon;
				ASSETCATALOG_COMPILER_GLOBAL_ACCENT_COLOR_NAME = AccentColor;
				CODE_SIGN_STYLE = Automatic;
				CURRENT_PROJECT_VERSION = 1;
				DEVELOPMENT_ASSET_PATHS = "\"Whip/Preview Content\"";
				DEVELOPMENT_TEAM = 6VYPR8MZ57;
				ENABLE_PREVIEWS = YES;
				GENERATE_INFOPLIST_FILE = YES;
				INFOPLIST_KEY_UIApplicationSceneManifest_Generation = YES;
				INFOPLIST_KEY_UIApplicationSupportsIndirectInputEvents = YES;
				INFOPLIST_KEY_UILaunchScreen_Generation = YES;
				INFOPLIST_KEY_UISupportedInterfaceOrientations_iPad = "UIInterfaceOrientationPortrait UIInterfaceOrientationPortraitUpsideDown UIInterfaceOrientationLandscapeLeft UIInterfaceOrientationLandscapeRight";
				INFOPLIST_KEY_UISupportedInterfaceOrientations_iPhone = "UIInterfaceOrientationPortrait UIInterfaceOrientationLandscapeLeft UIInterfaceOrientationLandscapeRight";
				LD_RUNPATH_SEARCH_PATHS = (
					"$(inherited)",
					"@executable_path/Frameworks",
				);
				MARKETING_VERSION = 1.0;
				PRODUCT_BUNDLE_IDENTIFIER = com.pagh2322.Whip;
				PRODUCT_NAME = "$(TARGET_NAME)";
				SWIFT_EMIT_LOC_STRINGS = YES;
				SWIFT_VERSION = 5.0;
				TARGETED_DEVICE_FAMILY = "1,2";
			};
			name = Debug;
		};
		B7570221286346880073E49F /* Release */ = {
			isa = XCBuildConfiguration;
			buildSettings = {
				ASSETCATALOG_COMPILER_APPICON_NAME = AppIcon;
				ASSETCATALOG_COMPILER_GLOBAL_ACCENT_COLOR_NAME = AccentColor;
				CODE_SIGN_STYLE = Automatic;
				CURRENT_PROJECT_VERSION = 1;
				DEVELOPMENT_ASSET_PATHS = "\"Whip/Preview Content\"";
				DEVELOPMENT_TEAM = 6VYPR8MZ57;
				ENABLE_PREVIEWS = YES;
				GENERATE_INFOPLIST_FILE = YES;
				INFOPLIST_KEY_UIApplicationSceneManifest_Generation = YES;
				INFOPLIST_KEY_UIApplicationSupportsIndirectInputEvents = YES;
				INFOPLIST_KEY_UILaunchScreen_Generation = YES;
				INFOPLIST_KEY_UISupportedInterfaceOrientations_iPad = "UIInterfaceOrientationPortrait UIInterfaceOrientationPortraitUpsideDown UIInterfaceOrientationLandscapeLeft UIInterfaceOrientationLandscapeRight";
				INFOPLIST_KEY_UISupportedInterfaceOrientations_iPhone = "UIInterfaceOrientationPortrait UIInterfaceOrientationLandscapeLeft UIInterfaceOrientationLandscapeRight";
				LD_RUNPATH_SEARCH_PATHS = (
					"$(inherited)",
					"@executable_path/Frameworks",
				);
				MARKETING_VERSION = 1.0;
				PRODUCT_BUNDLE_IDENTIFIER = com.pagh2322.Whip;
				PRODUCT_NAME = "$(TARGET_NAME)";
				SWIFT_EMIT_LOC_STRINGS = YES;
				SWIFT_VERSION = 5.0;
				TARGETED_DEVICE_FAMILY = "1,2";
			};
			name = Release;
		};
/* End XCBuildConfiguration section */

/* Begin XCConfigurationList section */
		B757020C286346860073E49F /* Build configuration list for PBXProject "Whip" */ = {
			isa = XCConfigurationList;
			buildConfigurations = (
				B757021D286346880073E49F /* Debug */,
				B757021E286346880073E49F /* Release */,
			);
			defaultConfigurationIsVisible = 0;
			defaultConfigurationName = Release;
		};
		B757021F286346880073E49F /* Build configuration list for PBXNativeTarget "Whip" */ = {
			isa = XCConfigurationList;
			buildConfigurations = (
				B7570220286346880073E49F /* Debug */,
				B7570221286346880073E49F /* Release */,
			);
			defaultConfigurationIsVisible = 0;
			defaultConfigurationName = Release;
		};
/* End XCConfigurationList section */
	};
	rootObject = B7570209286346860073E49F /* Project object */;
}
